
Microsoft Visual Studio Solution File, Format Version 12.00
# Visual Studio 14
VisualStudioVersion = 14.0.25420.1
MinimumVisualStudioVersion = 10.0.40219.1
Project("{D954291E-2A0B-460D-934E-DC6B0785DB48}") = "Mxbuild", "Mxbuild\Mxbuild.shproj", "{82B2BE6D-B232-47E8-86D7-87BFFCA6A3C4}"
EndProject
Global
	GlobalSection(SharedMSBuildProjectFiles) = preSolution
		Mxbuild\Mxbuild.projitems*{82b2be6d-b232-47e8-86d7-87bffca6a3c4}*SharedItemsImports = 13
	EndGlobalSection
	GlobalSection(SolutionProperties) = preSolution
		HideSolutionNode = FALSE
	EndGlobalSection
EndGlobal
